
Microsoft Visual Studio Solution File, Format Version 12.00
# Visual Studio Version 17
VisualStudioVersion = 17.3.32825.248
MinimumVisualStudioVersion = 10.0.40219.1
Project("{9A19103F-16F7-4668-BE54-9A1E7A4F7556}") = "Ejercicio_1", "Ejercicio_1\Ejercicio_1.csproj", "{B2BC4080-85B4-4927-AC91-9F1726460990}"
EndProject
Project("{FAE04EC0-301F-11D3-BF4B-00C04F79EFBC}") = "Client", "Client\Client.csproj", "{9F501DE5-4751-4C02-860D-8B81417CED20}"
EndProject
Global
	GlobalSection(SolutionConfigurationPlatforms) = preSolution
		Debug|Any CPU = Debug|Any CPU
		Release|Any CPU = Release|Any CPU
	EndGlobalSection
	GlobalSection(ProjectConfigurationPlatforms) = postSolution
		{B2BC4080-85B4-4927-AC91-9F1726460990}.Debug|Any CPU.ActiveCfg = Debug|Any CPU
		{B2BC4080-85B4-4927-AC91-9F1726460990}.Debug|Any CPU.Build.0 = Debug|Any CPU
		{B2BC4080-85B4-4927-AC91-9F1726460990}.Release|Any CPU.ActiveCfg = Release|Any CPU
		{B2BC4080-85B4-4927-AC91-9F1726460990}.Release|Any CPU.Build.0 = Release|Any CPU
		{9F501DE5-4751-4C02-860D-8B81417CED20}.Debug|Any CPU.ActiveCfg = Debug|Any CPU
		{9F501DE5-4751-4C02-860D-8B81417CED20}.Debug|Any CPU.Build.0 = Debug|Any CPU
		{9F501DE5-4751-4C02-860D-8B81417CED20}.Release|Any CPU.ActiveCfg = Release|Any CPU
		{9F501DE5-4751-4C02-860D-8B81417CED20}.Release|Any CPU.Build.0 = Release|Any CPU
	EndGlobalSection
	GlobalSection(SolutionProperties) = preSolution
		HideSolutionNode = FALSE
	EndGlobalSection
	GlobalSection(ExtensibilityGlobals) = postSolution
		SolutionGuid = {634A573E-B792-49E3-BECB-9832013E2F9A}
	EndGlobalSection
EndGlobal
